<?xml version="1.0" encoding="UTF-8" standalone="yes" ?>
<CodeBlocks_project_file>
	<FileVersion major="1" minor="6" />
	<Project>
		<Option title="MergeSort" />
		<Option pch_mode="2" />
		<Option compiler="gcc-mingw32" />
		<Build>
			<Target title="Debug">
				<Option output="bin/Debug/MergeSort" prefix_auto="1" extension_auto="1" />
				<Option object_output="obj/Debug/" />
				<Option type="1" />
				<Option compiler="gcc-mingw32" />
				<Compiler>
					<Add directory="include" />
				</Compiler>
			</Target>
			<Target title="Release">
				<Option output="bin/Release/MergeSort" prefix_auto="1" extension_auto="1" />
				<Option object_output="obj/Release/" />
				<Option type="1" />
				<Option compiler="gcc-mingw32" />
				<Compiler>
					<Add directory="include" />
				</Compiler>
			</Target>
		</Build>
		<Unit filename="include/Arreglo.h" />
		<Unit filename="include/ArregloContenido.h" />
		<Unit filename="include/ArregloDato.h" />
		<Unit filename="include/ArregloDatoContenido.h" />
		<Unit filename="include/Dato.h" />
		<Unit filename="include/IArreglo.h" />
		<Unit filename="include/IArregloDato.h" />
		<Unit filename="include/ImprimirArreglo.h" />
		<Unit filename="include/ImprimirDatoArreglo.h" />
		<Unit filename="include/MergeSort.h" />
		<Unit filename="include/MergeSortDato.h" />
		<Unit filename="main.cpp" />
		<Unit filename="src/Arreglo.cpp" />
		<Unit filename="src/ArregloContenido.cpp" />
		<Unit filename="src/ArregloDato.cpp" />
		<Unit filename="src/ArregloDatoContenido.cpp" />
		<Unit filename="src/Dato.cpp" />
		<Unit filename="src/ImprimirArreglo.cpp" />
		<Unit filename="src/ImprimirDatoArreglo.cpp" />
		<Unit filename="src/MergeSort.cpp" />
		<Unit filename="src/MergeSortDato.cpp" />
		<Extensions />
	</Project>
</CodeBlocks_project_file>
